
Microsoft Visual Studio Solution File, Format Version 12.00
# Visual Studio Version 16
VisualStudioVersion = 16.0.31702.278
MinimumVisualStudioVersion = 10.0.40219.1
Project("{FAE04EC0-301F-11D3-BF4B-00C04F79EFBC}") = "MVCApp_IdentityServer_Test", "MVCApp_IdentityServer_Test\MVCApp_IdentityServer_Test.csproj", "{9BC366E9-BF0B-4CB5-9789-90BC32C6F2B3}"
EndProject
Global
	GlobalSection(SolutionConfigurationPlatforms) = preSolution
		Debug|Any CPU = Debug|Any CPU
		Release|Any CPU = Release|Any CPU
	EndGlobalSection
	GlobalSection(ProjectConfigurationPlatforms) = postSolution
		{9BC366E9-BF0B-4CB5-9789-90BC32C6F2B3}.Debug|Any CPU.ActiveCfg = Debug|Any CPU
		{9BC366E9-BF0B-4CB5-9789-90BC32C6F2B3}.Debug|Any CPU.Build.0 = Debug|Any CPU
		{9BC366E9-BF0B-4CB5-9789-90BC32C6F2B3}.Release|Any CPU.ActiveCfg = Release|Any CPU
		{9BC366E9-BF0B-4CB5-9789-90BC32C6F2B3}.Release|Any CPU.Build.0 = Release|Any CPU
	EndGlobalSection
	GlobalSection(SolutionProperties) = preSolution
		HideSolutionNode = FALSE
	EndGlobalSection
	GlobalSection(ExtensibilityGlobals) = postSolution
		SolutionGuid = {7B7388E1-D989-44E0-8D47-B886673C6D54}
	EndGlobalSection
EndGlobal
